# This file is autogenerated, do not edit; changes may be undone by the next 'dep ensure'.


[[projects]]
  digest = "1:d867dfa6751c8d7a435821ad3b736310c2ed68945d05b50fb9d23aee0540c8cc"
  name = "github.com/Sirupsen/logrus"
  packages = ["."]
  pruneopts = "UT"
  revision = "3e01752db0189b9157070a0e1668a620f9a85da2"
  version = "v1.0.6"

[[projects]]
  digest = "1:ca82a3b99694824c627573c2a76d0e49719b4a9c02d1d85a2ac91f1c1f52ab9b"
  name = "github.com/fatih/structs"
  packages = ["."]
  pruneopts = "UT"
  revision = "a720dfa8df582c51dee1b36feabb906bde1588bd"
  version = "v1.0"

[[projects]]
  digest = "1:c79fb010be38a59d657c48c6ba1d003a8aa651fa56b579d959d74573b7dff8e1"
  name = "github.com/gorilla/context"
  packages = ["."]
  pruneopts = "UT"
  revision = "08b5f424b9271eedf6f9f0ce86cb9396ed337a42"
  version = "v1.1.1"

[[projects]]
  digest = "1:e73f5b0152105f18bc131fba127d9949305c8693f8a762588a82a48f61756f5f"
  name = "github.com/gorilla/mux"
  packages = ["."]
  pruneopts = "UT"
  revision = "e3702bed27f0d39777b0b37b664b6280e8ef8fbf"
  version = "v1.6.2"

[[projects]]
  branch = "master"
  digest = "1:4429b79947e9af3ccf562cdde4ca61934c7e229726a5afd6527151a91f636a5d"
  name = "github.com/mailru/easyjson"
  packages = [
    ".",
    "buffer",
    "jlexer",
    "jwriter",
  ]
  pruneopts = "UT"
  revision = "d5012789d6659eeed305f54c1b1542e7b65829e6"

[[projects]]
  branch = "master"
  digest = "1:9a5292fb320841ee483ec14785239f0fff56dd17b86ffaef533c551489e335f1"
  name = "github.com/malice-plugins/go-plugin-utils"
  packages = [
    "clitable",
    "database",
    "database/elasticsearch",
    "utils",
  ]
  pruneopts = "UT"
  revision = "7663d6b3aa7fe4667f78de3e5ea8951566817682"

[[projects]]
  digest = "1:e2d1d410fb367567c2b53ed9e2d719d3c1f0891397bb2fa49afd747cfbf1e8e4"
  name = "github.com/mattn/go-runewidth"
  packages = ["."]
  pruneopts = "UT"
  revision = "9e777a8366cce605130a531d2cd6363d07ad7317"
  version = "v0.0.2"

[[projects]]
  branch = "master"
  digest = "1:7aefb397a53fc437c90f0fdb3e1419c751c5a3a165ced52325d5d797edf1aca6"
  name = "github.com/moul/http2curl"
  packages = ["."]
  pruneopts = "UT"
  revision = "9ac6cf4d929b2fa8fd2d2e6dec5bb0feb4f4911d"

[[projects]]
  digest = "1:d2997d9a773171df32642730331692fdf3f98fc51911067b708f92cfdc55708b"
  name = "github.com/olivere/elastic"
  packages = [
    ".",
    "config",
    "uritemplates",
  ]
  pruneopts = "UT"
  revision = "e1da71ef4bb6941f2051f5cc1c4d3e56b1978cf3"
  version = "v6.1.26"

[[projects]]
  digest = "1:d776f3e95774a8719f2e57fabbbb33103035fe072dcf6f1864f33abd17b753e5"
  name = "github.com/parnurzeal/gorequest"
  packages = ["."]
  pruneopts = "UT"
  revision = "a578a48e8d6ca8b01a3b18314c43c6716bb5f5a3"
  version = "v0.2.15"

[[projects]]
  digest = "1:40e195917a951a8bf867cd05de2a46aaf1806c50cf92eebf4c16f78cd196f747"
  name = "github.com/pkg/errors"
  packages = ["."]
  pruneopts = "UT"
  revision = "645ef00459ed84a119197bfb8d8205042c6df63d"
  version = "v0.8.0"

[[projects]]
  digest = "1:b24d38b282bacf9791408a080f606370efa3d364e4b5fd9ba0f7b87786d3b679"
  name = "github.com/urfave/cli"
  packages = ["."]
  pruneopts = "UT"
  revision = "cfb38830724cc34fedffe9a2a29fb54fa9169cd1"
  version = "v1.20.0"

[[projects]]
  branch = "master"
  digest = "1:3f3a05ae0b95893d90b9b3b5afdb79a9b3d96e4e36e099d841ae602e4aca0da8"
  name = "golang.org/x/crypto"
  packages = ["ssh/terminal"]
  pruneopts = "UT"
  revision = "c126467f60eb25f8f27e5a981f32a87e3965053f"

[[projects]]
  branch = "master"
  digest = "1:af2bc8584f04302248186214c73d05637fd5718eb9f7d67a82f2efd75c89be45"
  name = "golang.org/x/net"
  packages = [
    "idna",
    "publicsuffix",
  ]
  pruneopts = "UT"
  revision = "3673e40ba22529d22c3fd7c93e97b0ce50fa7bdd"

[[projects]]
  branch = "master"
  digest = "1:8742e6e73627b2877c3f723bc1823d5667ec59011242480309dc90fa862512aa"
  name = "golang.org/x/sys"
  packages = [
    "unix",
    "windows",
  ]
  pruneopts = "UT"
  revision = "bd9dbc187b6e1dacfdd2722a87e83093c2d7bd6e"

[[projects]]
  digest = "1:a2ab62866c75542dd18d2b069fec854577a20211d7c0ea6ae746072a1dccdd18"
  name = "golang.org/x/text"
  packages = [
    "collate",
    "collate/build",
    "internal/colltab",
    "internal/gen",
    "internal/tag",
    "internal/triegen",
    "internal/ucd",
    "language",
    "secure/bidirule",
    "transform",
    "unicode/bidi",
    "unicode/cldr",
    "unicode/norm",
    "unicode/rangetable",
  ]
  pruneopts = "UT"
  revision = "f21a4dfb5e38f5895301dc265a8def02365cc3d0"
  version = "v0.3.0"

[solve-meta]
  analyzer-name = "dep"
  analyzer-version = 1
  input-imports = [
    "github.com/Sirupsen/logrus",
    "github.com/fatih/structs",
    "github.com/gorilla/mux",
    "github.com/malice-plugins/go-plugin-utils/clitable",
    "github.com/malice-plugins/go-plugin-utils/database",
    "github.com/malice-plugins/go-plugin-utils/database/elasticsearch",
    "github.com/malice-plugins/go-plugin-utils/utils",
    "github.com/parnurzeal/gorequest",
    "github.com/pkg/errors",
    "github.com/urfave/cli",
  ]
  solver-name = "gps-cdcl"
  solver-version = 1
